// !$*UTF8*$!
{
	archiveVersion = 1;
	classes = {
	};
	objectVersion = 60;
	objects = {

/* Begin PBXBuildFile section */
		1472F8772B7BF7EC006AE35C /* ValueDataModel.swift in Sources */ = {isa = PBXBuildFile; fileRef = 1472F8762B7BF7EC006AE35C /* ValueDataModel.swift */; };
		1472F87A2B7BF943006AE35C /* BundleExtension.swift in Sources */ = {isa = PBXBuildFile; fileRef = 1472F8792B7BF943006AE35C /* BundleExtension.swift */; };
		1472F87C2B7BF9C9006AE35C /* URLExtension.swift in Sources */ = {isa = PBXBuildFile; fileRef = 1472F87B2B7BF9C9006AE35C /* URLExtension.swift */; };
		1472F87E2B7BFB04006AE35C /* ArrayExtension.swift in Sources */ = {isa = PBXBuildFile; fileRef = 1472F87D2B7BFB04006AE35C /* ArrayExtension.swift */; };
		1472F8802B7BFB52006AE35C /* BindingExtension.swift in Sources */ = {isa = PBXBuildFile; fileRef = 1472F87F2B7BFB52006AE35C /* BindingExtension.swift */; };
		1472F8822B7BFBAF006AE35C /* ColorExtension.swift in Sources */ = {isa = PBXBuildFile; fileRef = 1472F8812B7BFBAF006AE35C /* ColorExtension.swift */; };
		1472F8842B7BFC07006AE35C /* DateExtension.swift in Sources */ = {isa = PBXBuildFile; fileRef = 1472F8832B7BFC07006AE35C /* DateExtension.swift */; };
		1472F8862B7BFC7F006AE35C /* DoubleExtension.swift in Sources */ = {isa = PBXBuildFile; fileRef = 1472F8852B7BFC7F006AE35C /* DoubleExtension.swift */; };
		1472F8882B7BFD18006AE35C /* IntExtension.swift in Sources */ = {isa = PBXBuildFile; fileRef = 1472F8872B7BFD18006AE35C /* IntExtension.swift */; };
		1472F88B2B7BFEFE006AE35C /* FileSystem.swift in Sources */ = {isa = PBXBuildFile; fileRef = 1472F88A2B7BFEFE006AE35C /* FileSystem.swift */; };
		1472F88D2B7BFFAF006AE35C /* CLI.swift in Sources */ = {isa = PBXBuildFile; fileRef = 1472F88C2B7BFFAF006AE35C /* CLI.swift */; };
		1472F88F2B7C02FA006AE35C /* DateTime.swift in Sources */ = {isa = PBXBuildFile; fileRef = 1472F88E2B7C02FA006AE35C /* DateTime.swift */; };
		1472F8912B7C03A1006AE35C /* Density.swift in Sources */ = {isa = PBXBuildFile; fileRef = 1472F8902B7C03A1006AE35C /* Density.swift */; };
		1472F8932B7C0476006AE35C /* MultiThreading.swift in Sources */ = {isa = PBXBuildFile; fileRef = 1472F8922B7C0476006AE35C /* MultiThreading.swift */; };
		1472F8952B7C04C6006AE35C /* Processor.swift in Sources */ = {isa = PBXBuildFile; fileRef = 1472F8942B7C04C6006AE35C /* Processor.swift */; };
		1472F8972B7C0510006AE35C /* ProcessInfoExtension.swift in Sources */ = {isa = PBXBuildFile; fileRef = 1472F8962B7C0510006AE35C /* ProcessInfoExtension.swift */; };
		1472F8992B7C05A8006AE35C /* Extractor.swift in Sources */ = {isa = PBXBuildFile; fileRef = 1472F8982B7C05A8006AE35C /* Extractor.swift */; };
		1472F89B2B7C0834006AE35C /* ViewExtension.swift in Sources */ = {isa = PBXBuildFile; fileRef = 1472F89A2B7C0834006AE35C /* ViewExtension.swift */; };
		1472F89D2B7C08CE006AE35C /* StringExtension.swift in Sources */ = {isa = PBXBuildFile; fileRef = 1472F89C2B7C08CE006AE35C /* StringExtension.swift */; };
		1472F89F2B7C0AB5006AE35C /* SequenceExtension.swift in Sources */ = {isa = PBXBuildFile; fileRef = 1472F89E2B7C0AB5006AE35C /* SequenceExtension.swift */; };
		1472F8A12B7C0C43006AE35C /* SceneExtension.swift in Sources */ = {isa = PBXBuildFile; fileRef = 1472F8A02B7C0C43006AE35C /* SceneExtension.swift */; };
		1472F8A32B7C0CBB006AE35C /* DADiskExtension.swift in Sources */ = {isa = PBXBuildFile; fileRef = 1472F8A22B7C0CBB006AE35C /* DADiskExtension.swift */; };
		1472F8A52B7C0E24006AE35C /* CGKeyCodeExtension.swift in Sources */ = {isa = PBXBuildFile; fileRef = 1472F8A42B7C0E24006AE35C /* CGKeyCodeExtension.swift */; };
		1472F8A72B7C1111006AE35C /* Notification.swift in Sources */ = {isa = PBXBuildFile; fileRef = 1472F8A62B7C1111006AE35C /* Notification.swift */; };
		1472F8AA2B7C12DD006AE35C /* ChevonButton.swift in Sources */ = {isa = PBXBuildFile; fileRef = 1472F8A92B7C12DD006AE35C /* ChevonButton.swift */; };
		1472F8AC2B7C132F006AE35C /* ColorPickerView.swift in Sources */ = {isa = PBXBuildFile; fileRef = 1472F8AB2B7C132F006AE35C /* ColorPickerView.swift */; };
		1472F8AE2B7C13DD006AE35C /* Constants.swift in Sources */ = {isa = PBXBuildFile; fileRef = 1472F8AD2B7C13DD006AE35C /* Constants.swift */; };
		1472F8B02B7C1435006AE35C /* ProgressIndicatorView.swift in Sources */ = {isa = PBXBuildFile; fileRef = 1472F8AF2B7C1435006AE35C /* ProgressIndicatorView.swift */; };
		207F78A02B7B8364000E0B95 /* WorkspaceEvents.swift in Sources */ = {isa = PBXBuildFile; fileRef = 207F789F2B7B8364000E0B95 /* WorkspaceEvents.swift */; };
		20C5F6A22B767B2D001F8E94 /* EcoEnergyApp.swift in Sources */ = {isa = PBXBuildFile; fileRef = 20C5F6A12B767B2D001F8E94 /* EcoEnergyApp.swift */; };
		20C5F6A42B767B2D001F8E94 /* ContentView.swift in Sources */ = {isa = PBXBuildFile; fileRef = 20C5F6A32B767B2D001F8E94 /* ContentView.swift */; };
		20C5F6A62B767B31001F8E94 /* Assets.xcassets in Resources */ = {isa = PBXBuildFile; fileRef = 20C5F6A52B767B31001F8E94 /* Assets.xcassets */; };
		20C5F6A92B767B31001F8E94 /* Preview Assets.xcassets in Resources */ = {isa = PBXBuildFile; fileRef = 20C5F6A82B767B31001F8E94 /* Preview Assets.xcassets */; };
		20C5F6B12B767B6A001F8E94 /* Application.swift in Sources */ = {isa = PBXBuildFile; fileRef = 20C5F6B02B767B6A001F8E94 /* Application.swift */; };
		20C5F6B32B767D47001F8E94 /* QoS.swift in Sources */ = {isa = PBXBuildFile; fileRef = 20C5F6B22B767D47001F8E94 /* QoS.swift */; };
		20C5F6B52B767DB6001F8E94 /* ApplicationsState.swift in Sources */ = {isa = PBXBuildFile; fileRef = 20C5F6B42B767DB6001F8E94 /* ApplicationsState.swift */; };
		20C5F6BA2B769A78001F8E94 /* AppRowView.swift in Sources */ = {isa = PBXBuildFile; fileRef = 20C5F6B92B769A78001F8E94 /* AppRowView.swift */; };
		20C5F6BC2B769B07001F8E94 /* FileThumbnailView.swift in Sources */ = {isa = PBXBuildFile; fileRef = 20C5F6BB2B769B07001F8E94 /* FileThumbnailView.swift */; };
/* End PBXBuildFile section */

/* Begin PBXFileReference section */
		1472F8762B7BF7EC006AE35C /* ValueDataModel.swift */ = {isa = PBXFileReference; lastKnownFileType = sourcecode.swift; path = ValueDataModel.swift; sourceTree = "<group>"; };
		1472F8792B7BF943006AE35C /* BundleExtension.swift */ = {isa = PBXFileReference; lastKnownFileType = sourcecode.swift; path = BundleExtension.swift; sourceTree = "<group>"; };
		1472F87B2B7BF9C9006AE35C /* URLExtension.swift */ = {isa = PBXFileReference; lastKnownFileType = sourcecode.swift; path = URLExtension.swift; sourceTree = "<group>"; };
		1472F87D2B7BFB04006AE35C /* ArrayExtension.swift */ = {isa = PBXFileReference; lastKnownFileType = sourcecode.swift; path = ArrayExtension.swift; sourceTree = "<group>"; };
		1472F87F2B7BFB52006AE35C /* BindingExtension.swift */ = {isa = PBXFileReference; lastKnownFileType = sourcecode.swift; path = BindingExtension.swift; sourceTree = "<group>"; };
		1472F8812B7BFBAF006AE35C /* ColorExtension.swift */ = {isa = PBXFileReference; lastKnownFileType = sourcecode.swift; path = ColorExtension.swift; sourceTree = "<group>"; };
		1472F8832B7BFC07006AE35C /* DateExtension.swift */ = {isa = PBXFileReference; lastKnownFileType = sourcecode.swift; path = DateExtension.swift; sourceTree = "<group>"; };
		1472F8852B7BFC7F006AE35C /* DoubleExtension.swift */ = {isa = PBXFileReference; lastKnownFileType = sourcecode.swift; path = DoubleExtension.swift; sourceTree = "<group>"; };
		1472F8872B7BFD18006AE35C /* IntExtension.swift */ = {isa = PBXFileReference; lastKnownFileType = sourcecode.swift; path = IntExtension.swift; sourceTree = "<group>"; };
		1472F88A2B7BFEFE006AE35C /* FileSystem.swift */ = {isa = PBXFileReference; lastKnownFileType = sourcecode.swift; path = FileSystem.swift; sourceTree = "<group>"; };
		1472F88C2B7BFFAF006AE35C /* CLI.swift */ = {isa = PBXFileReference; lastKnownFileType = sourcecode.swift; path = CLI.swift; sourceTree = "<group>"; };
		1472F88E2B7C02FA006AE35C /* DateTime.swift */ = {isa = PBXFileReference; lastKnownFileType = sourcecode.swift; path = DateTime.swift; sourceTree = "<group>"; };
		1472F8902B7C03A1006AE35C /* Density.swift */ = {isa = PBXFileReference; lastKnownFileType = sourcecode.swift; path = Density.swift; sourceTree = "<group>"; };
		1472F8922B7C0476006AE35C /* MultiThreading.swift */ = {isa = PBXFileReference; lastKnownFileType = sourcecode.swift; path = MultiThreading.swift; sourceTree = "<group>"; };
		1472F8942B7C04C6006AE35C /* Processor.swift */ = {isa = PBXFileReference; lastKnownFileType = sourcecode.swift; path = Processor.swift; sourceTree = "<group>"; };
		1472F8962B7C0510006AE35C /* ProcessInfoExtension.swift */ = {isa = PBXFileReference; lastKnownFileType = sourcecode.swift; path = ProcessInfoExtension.swift; sourceTree = "<group>"; };
		1472F8982B7C05A8006AE35C /* Extractor.swift */ = {isa = PBXFileReference; lastKnownFileType = sourcecode.swift; path = Extractor.swift; sourceTree = "<group>"; };
		1472F89A2B7C0834006AE35C /* ViewExtension.swift */ = {isa = PBXFileReference; lastKnownFileType = sourcecode.swift; path = ViewExtension.swift; sourceTree = "<group>"; };
		1472F89C2B7C08CE006AE35C /* StringExtension.swift */ = {isa = PBXFileReference; lastKnownFileType = sourcecode.swift; path = StringExtension.swift; sourceTree = "<group>"; };
		1472F89E2B7C0AB5006AE35C /* SequenceExtension.swift */ = {isa = PBXFileReference; lastKnownFileType = sourcecode.swift; path = SequenceExtension.swift; sourceTree = "<group>"; };
		1472F8A02B7C0C43006AE35C /* SceneExtension.swift */ = {isa = PBXFileReference; lastKnownFileType = sourcecode.swift; path = SceneExtension.swift; sourceTree = "<group>"; };
		1472F8A22B7C0CBB006AE35C /* DADiskExtension.swift */ = {isa = PBXFileReference; lastKnownFileType = sourcecode.swift; path = DADiskExtension.swift; sourceTree = "<group>"; };
		1472F8A42B7C0E24006AE35C /* CGKeyCodeExtension.swift */ = {isa = PBXFileReference; lastKnownFileType = sourcecode.swift; path = CGKeyCodeExtension.swift; sourceTree = "<group>"; };
		1472F8A62B7C1111006AE35C /* Notification.swift */ = {isa = PBXFileReference; lastKnownFileType = sourcecode.swift; path = Notification.swift; sourceTree = "<group>"; };
		1472F8A92B7C12DD006AE35C /* ChevonButton.swift */ = {isa = PBXFileReference; lastKnownFileType = sourcecode.swift; path = ChevonButton.swift; sourceTree = "<group>"; };
		1472F8AB2B7C132F006AE35C /* ColorPickerView.swift */ = {isa = PBXFileReference; lastKnownFileType = sourcecode.swift; path = ColorPickerView.swift; sourceTree = "<group>"; };
		1472F8AD2B7C13DD006AE35C /* Constants.swift */ = {isa = PBXFileReference; lastKnownFileType = sourcecode.swift; path = Constants.swift; sourceTree = "<group>"; };
		1472F8AF2B7C1435006AE35C /* ProgressIndicatorView.swift */ = {isa = PBXFileReference; lastKnownFileType = sourcecode.swift; path = ProgressIndicatorView.swift; sourceTree = "<group>"; };
		207F789F2B7B8364000E0B95 /* WorkspaceEvents.swift */ = {isa = PBXFileReference; lastKnownFileType = sourcecode.swift; path = WorkspaceEvents.swift; sourceTree = "<group>"; };
		20C5F69E2B767B2D001F8E94 /* EcoEnergy.app */ = {isa = PBXFileReference; explicitFileType = wrapper.application; includeInIndex = 0; path = EcoEnergy.app; sourceTree = BUILT_PRODUCTS_DIR; };
		20C5F6A12B767B2D001F8E94 /* EcoEnergyApp.swift */ = {isa = PBXFileReference; lastKnownFileType = sourcecode.swift; path = EcoEnergyApp.swift; sourceTree = "<group>"; };
		20C5F6A32B767B2D001F8E94 /* ContentView.swift */ = {isa = PBXFileReference; lastKnownFileType = sourcecode.swift; path = ContentView.swift; sourceTree = "<group>"; };
		20C5F6A52B767B31001F8E94 /* Assets.xcassets */ = {isa = PBXFileReference; lastKnownFileType = folder.assetcatalog; path = Assets.xcassets; sourceTree = "<group>"; };
		20C5F6A82B767B31001F8E94 /* Preview Assets.xcassets */ = {isa = PBXFileReference; lastKnownFileType = folder.assetcatalog; path = "Preview Assets.xcassets"; sourceTree = "<group>"; };
		20C5F6AA2B767B31001F8E94 /* EcoEnergy.entitlements */ = {isa = PBXFileReference; lastKnownFileType = text.plist.entitlements; path = EcoEnergy.entitlements; sourceTree = "<group>"; };
		20C5F6B02B767B6A001F8E94 /* Application.swift */ = {isa = PBXFileReference; lastKnownFileType = sourcecode.swift; path = Application.swift; sourceTree = "<group>"; };
		20C5F6B22B767D47001F8E94 /* QoS.swift */ = {isa = PBXFileReference; lastKnownFileType = sourcecode.swift; path = QoS.swift; sourceTree = "<group>"; };
		20C5F6B42B767DB6001F8E94 /* ApplicationsState.swift */ = {isa = PBXFileReference; lastKnownFileType = sourcecode.swift; path = ApplicationsState.swift; sourceTree = "<group>"; };
		20C5F6B92B769A78001F8E94 /* AppRowView.swift */ = {isa = PBXFileReference; lastKnownFileType = sourcecode.swift; path = AppRowView.swift; sourceTree = "<group>"; };
		20C5F6BB2B769B07001F8E94 /* FileThumbnailView.swift */ = {isa = PBXFileReference; lastKnownFileType = sourcecode.swift; path = FileThumbnailView.swift; sourceTree = "<group>"; };
/* End PBXFileReference section */

/* Begin PBXFrameworksBuildPhase section */
		20C5F69B2B767B2D001F8E94 /* Frameworks */ = {
			isa = PBXFrameworksBuildPhase;
			buildActionMask = 2147483647;
			files = (
			);
			runOnlyForDeploymentPostprocessing = 0;
		};
/* End PBXFrameworksBuildPhase section */

/* Begin PBXGroup section */
		1472F8782B7BF929006AE35C /* Extension */ = {
			isa = PBXGroup;
			children = (
				1472F8792B7BF943006AE35C /* BundleExtension.swift */,
				1472F89C2B7C08CE006AE35C /* StringExtension.swift */,
				1472F89A2B7C0834006AE35C /* ViewExtension.swift */,
				1472F8962B7C0510006AE35C /* ProcessInfoExtension.swift */,
				1472F87D2B7BFB04006AE35C /* ArrayExtension.swift */,
				1472F87B2B7BF9C9006AE35C /* URLExtension.swift */,
				1472F8A22B7C0CBB006AE35C /* DADiskExtension.swift */,
				1472F87F2B7BFB52006AE35C /* BindingExtension.swift */,
				1472F8812B7BFBAF006AE35C /* ColorExtension.swift */,
				1472F8A42B7C0E24006AE35C /* CGKeyCodeExtension.swift */,
				1472F89E2B7C0AB5006AE35C /* SequenceExtension.swift */,
				1472F8832B7BFC07006AE35C /* DateExtension.swift */,
				1472F8852B7BFC7F006AE35C /* DoubleExtension.swift */,
				1472F8872B7BFD18006AE35C /* IntExtension.swift */,
				1472F8A02B7C0C43006AE35C /* SceneExtension.swift */,
			);
			path = Extension;
			sourceTree = "<group>";
		};
		1472F8892B7BFEE4006AE35C /* Tools */ = {
			isa = PBXGroup;
			children = (
				1472F88A2B7BFEFE006AE35C /* FileSystem.swift */,
				1472F88C2B7BFFAF006AE35C /* CLI.swift */,
				1472F88E2B7C02FA006AE35C /* DateTime.swift */,
				1472F8902B7C03A1006AE35C /* Density.swift */,
				1472F8922B7C0476006AE35C /* MultiThreading.swift */,
				1472F8942B7C04C6006AE35C /* Processor.swift */,
				1472F8982B7C05A8006AE35C /* Extractor.swift */,
			);
			path = Tools;
			sourceTree = "<group>";
		};
		1472F8A82B7C12C9006AE35C /* Utils */ = {
			isa = PBXGroup;
			children = (
				1472F8A92B7C12DD006AE35C /* ChevonButton.swift */,
				1472F8AB2B7C132F006AE35C /* ColorPickerView.swift */,
				1472F8AD2B7C13DD006AE35C /* Constants.swift */,
				1472F8AF2B7C1435006AE35C /* ProgressIndicatorView.swift */,
			);
			path = Utils;
			sourceTree = "<group>";
		};
		207F789B2B7B7DD5000E0B95 /* Views */ = {
			isa = PBXGroup;
			children = (
				20C5F6A32B767B2D001F8E94 /* ContentView.swift */,
				20C5F6B92B769A78001F8E94 /* AppRowView.swift */,
				20C5F6BB2B769B07001F8E94 /* FileThumbnailView.swift */,
			);
			path = Views;
			sourceTree = "<group>";
		};
		207F789C2B7B7DDD000E0B95 /* Model */ = {
			isa = PBXGroup;
			children = (
				20C5F6B02B767B6A001F8E94 /* Application.swift */,
				1472F8A62B7C1111006AE35C /* Notification.swift */,
				20C5F6B42B767DB6001F8E94 /* ApplicationsState.swift */,
				1472F8762B7BF7EC006AE35C /* ValueDataModel.swift */,
				20C5F6B22B767D47001F8E94 /* QoS.swift */,
			);
			path = Model;
			sourceTree = "<group>";
		};
		207F789D2B7B8351000E0B95 /* Logic */ = {
			isa = PBXGroup;
			children = (
				207F789F2B7B8364000E0B95 /* WorkspaceEvents.swift */,
			);
			path = Logic;
			sourceTree = "<group>";
		};
		20C5F6952B767B2D001F8E94 = {
			isa = PBXGroup;
			children = (
				20C5F6A02B767B2D001F8E94 /* EcoEnergy */,
				20C5F69F2B767B2D001F8E94 /* Products */,
			);
			sourceTree = "<group>";
		};
		20C5F69F2B767B2D001F8E94 /* Products */ = {
			isa = PBXGroup;
			children = (
				20C5F69E2B767B2D001F8E94 /* EcoEnergy.app */,
			);
			name = Products;
			sourceTree = "<group>";
		};
		20C5F6A02B767B2D001F8E94 /* EcoEnergy */ = {
			isa = PBXGroup;
			children = (
				20C5F6A12B767B2D001F8E94 /* EcoEnergyApp.swift */,
				1472F8A82B7C12C9006AE35C /* Utils */,
				1472F8892B7BFEE4006AE35C /* Tools */,
				1472F8782B7BF929006AE35C /* Extension */,
				207F789B2B7B7DD5000E0B95 /* Views */,
				207F789C2B7B7DDD000E0B95 /* Model */,
				207F789D2B7B8351000E0B95 /* Logic */,
				20C5F6A52B767B31001F8E94 /* Assets.xcassets */,
				20C5F6AA2B767B31001F8E94 /* EcoEnergy.entitlements */,
				20C5F6A72B767B31001F8E94 /* Preview Content */,
			);
			path = EcoEnergy;
			sourceTree = "<group>";
		};
		20C5F6A72B767B31001F8E94 /* Preview Content */ = {
			isa = PBXGroup;
			children = (
				20C5F6A82B767B31001F8E94 /* Preview Assets.xcassets */,
			);
			path = "Preview Content";
			sourceTree = "<group>";
		};
/* End PBXGroup section */

/* Begin PBXNativeTarget section */
		20C5F69D2B767B2D001F8E94 /* EcoEnergy */ = {
			isa = PBXNativeTarget;
			buildConfigurationList = 20C5F6AD2B767B31001F8E94 /* Build configuration list for PBXNativeTarget "EcoEnergy" */;
			buildPhases = (
				20C5F69A2B767B2D001F8E94 /* Sources */,
				20C5F69B2B767B2D001F8E94 /* Frameworks */,
				20C5F69C2B767B2D001F8E94 /* Resources */,
			);
			buildRules = (
			);
			dependencies = (
			);
			name = EcoEnergy;
			packageProductDependencies = (
			);
			productName = "Power Diet";
			productReference = 20C5F69E2B767B2D001F8E94 /* EcoEnergy.app */;
			productType = "com.apple.product-type.application";
		};
/* End PBXNativeTarget section */

/* Begin PBXProject section */
		20C5F6962B767B2D001F8E94 /* Project object */ = {
			isa = PBXProject;
			attributes = {
				BuildIndependentTargetsInParallel = 1;
				LastSwiftUpdateCheck = 1520;
				LastUpgradeCheck = 1520;
				TargetAttributes = {
					20C5F69D2B767B2D001F8E94 = {
						CreatedOnToolsVersion = 15.2;
					};
				};
			};
			buildConfigurationList = 20C5F6992B767B2D001F8E94 /* Build configuration list for PBXProject "EcoEnergy" */;
			compatibilityVersion = "Xcode 15.0";
			developmentRegion = en;
			hasScannedForEncodings = 0;
			knownRegions = (
				en,
				Base,
			);
			mainGroup = 20C5F6952B767B2D001F8E94;
			packageReferences = (
			);
			productRefGroup = 20C5F69F2B767B2D001F8E94 /* Products */;
			projectDirPath = "";
			projectRoot = "";
			targets = (
				20C5F69D2B767B2D001F8E94 /* EcoEnergy */,
			);
		};
/* End PBXProject section */

/* Begin PBXResourcesBuildPhase section */
		20C5F69C2B767B2D001F8E94 /* Resources */ = {
			isa = PBXResourcesBuildPhase;
			buildActionMask = 2147483647;
			files = (
				20C5F6A92B767B31001F8E94 /* Preview Assets.xcassets in Resources */,
				20C5F6A62B767B31001F8E94 /* Assets.xcassets in Resources */,
			);
			runOnlyForDeploymentPostprocessing = 0;
		};
/* End PBXResourcesBuildPhase section */

/* Begin PBXSourcesBuildPhase section */
		20C5F69A2B767B2D001F8E94 /* Sources */ = {
			isa = PBXSourcesBuildPhase;
			buildActionMask = 2147483647;
			files = (
				1472F8912B7C03A1006AE35C /* Density.swift in Sources */,
				1472F87C2B7BF9C9006AE35C /* URLExtension.swift in Sources */,
				1472F8932B7C0476006AE35C /* MultiThreading.swift in Sources */,
				1472F8952B7C04C6006AE35C /* Processor.swift in Sources */,
				1472F8842B7BFC07006AE35C /* DateExtension.swift in Sources */,
				1472F89D2B7C08CE006AE35C /* StringExtension.swift in Sources */,
				1472F8972B7C0510006AE35C /* ProcessInfoExtension.swift in Sources */,
				1472F88F2B7C02FA006AE35C /* DateTime.swift in Sources */,
				1472F89F2B7C0AB5006AE35C /* SequenceExtension.swift in Sources */,
				1472F8772B7BF7EC006AE35C /* ValueDataModel.swift in Sources */,
				20C5F6BA2B769A78001F8E94 /* AppRowView.swift in Sources */,
				1472F87E2B7BFB04006AE35C /* ArrayExtension.swift in Sources */,
				20C5F6B12B767B6A001F8E94 /* Application.swift in Sources */,
				1472F8822B7BFBAF006AE35C /* ColorExtension.swift in Sources */,
				1472F89B2B7C0834006AE35C /* ViewExtension.swift in Sources */,
				1472F8A12B7C0C43006AE35C /* SceneExtension.swift in Sources */,
				20C5F6A42B767B2D001F8E94 /* ContentView.swift in Sources */,
				1472F8862B7BFC7F006AE35C /* DoubleExtension.swift in Sources */,
				20C5F6BC2B769B07001F8E94 /* FileThumbnailView.swift in Sources */,
				1472F88B2B7BFEFE006AE35C /* FileSystem.swift in Sources */,
				1472F8AC2B7C132F006AE35C /* ColorPickerView.swift in Sources */,
				1472F8A72B7C1111006AE35C /* Notification.swift in Sources */,
				1472F8AA2B7C12DD006AE35C /* ChevonButton.swift in Sources */,
				1472F8A52B7C0E24006AE35C /* CGKeyCodeExtension.swift in Sources */,
				1472F87A2B7BF943006AE35C /* BundleExtension.swift in Sources */,
				1472F8AE2B7C13DD006AE35C /* Constants.swift in Sources */,
				207F78A02B7B8364000E0B95 /* WorkspaceEvents.swift in Sources */,
				1472F8B02B7C1435006AE35C /* ProgressIndicatorView.swift in Sources */,
				1472F8882B7BFD18006AE35C /* IntExtension.swift in Sources */,
				20C5F6A22B767B2D001F8E94 /* EcoEnergyApp.swift in Sources */,
				20C5F6B32B767D47001F8E94 /* QoS.swift in Sources */,
				1472F88D2B7BFFAF006AE35C /* CLI.swift in Sources */,
				1472F8992B7C05A8006AE35C /* Extractor.swift in Sources */,
				1472F8802B7BFB52006AE35C /* BindingExtension.swift in Sources */,
				20C5F6B52B767DB6001F8E94 /* ApplicationsState.swift in Sources */,
				1472F8A32B7C0CBB006AE35C /* DADiskExtension.swift in Sources */,
			);
			runOnlyForDeploymentPostprocessing = 0;
		};
/* End PBXSourcesBuildPhase section */

/* Begin XCBuildConfiguration section */
		20C5F6AB2B767B31001F8E94 /* Debug */ = {
			isa = XCBuildConfiguration;
			buildSettings = {
				ALWAYS_SEARCH_USER_PATHS = NO;
				ASSETCATALOG_COMPILER_GENERATE_SWIFT_ASSET_SYMBOL_EXTENSIONS = YES;
				CLANG_ANALYZER_NONNULL = YES;
				CLANG_ANALYZER_NUMBER_OBJECT_CONVERSION = YES_AGGRESSIVE;
				CLANG_CXX_LANGUAGE_STANDARD = "gnu++20";
				CLANG_ENABLE_MODULES = YES;
				CLANG_ENABLE_OBJC_ARC = YES;
				CLANG_ENABLE_OBJC_WEAK = YES;
				CLANG_WARN_BLOCK_CAPTURE_AUTORELEASING = YES;
				CLANG_WARN_BOOL_CONVERSION = YES;
				CLANG_WARN_COMMA = YES;
				CLANG_WARN_CONSTANT_CONVERSION = YES;
				CLANG_WARN_DEPRECATED_OBJC_IMPLEMENTATIONS = YES;
				CLANG_WARN_DIRECT_OBJC_ISA_USAGE = YES_ERROR;
				CLANG_WARN_DOCUMENTATION_COMMENTS = YES;
				CLANG_WARN_EMPTY_BODY = YES;
				CLANG_WARN_ENUM_CONVERSION = YES;
				CLANG_WARN_INFINITE_RECURSION = YES;
				CLANG_WARN_INT_CONVERSION = YES;
				CLANG_WARN_NON_LITERAL_NULL_CONVERSION = YES;
				CLANG_WARN_OBJC_IMPLICIT_RETAIN_SELF = YES;
				CLANG_WARN_OBJC_LITERAL_CONVERSION = YES;
				CLANG_WARN_OBJC_ROOT_CLASS = YES_ERROR;
				CLANG_WARN_QUOTED_INCLUDE_IN_FRAMEWORK_HEADER = YES;
				CLANG_WARN_RANGE_LOOP_ANALYSIS = YES;
				CLANG_WARN_STRICT_PROTOTYPES = YES;
				CLANG_WARN_SUSPICIOUS_MOVE = YES;
				CLANG_WARN_UNGUARDED_AVAILABILITY = YES_AGGRESSIVE;
				CLANG_WARN_UNREACHABLE_CODE = YES;
				CLANG_WARN__DUPLICATE_METHOD_MATCH = YES;
				COPY_PHASE_STRIP = NO;
				DEBUG_INFORMATION_FORMAT = dwarf;
				ENABLE_STRICT_OBJC_MSGSEND = YES;
				ENABLE_TESTABILITY = YES;
				ENABLE_USER_SCRIPT_SANDBOXING = YES;
				GCC_C_LANGUAGE_STANDARD = gnu17;
				GCC_DYNAMIC_NO_PIC = NO;
				GCC_NO_COMMON_BLOCKS = YES;
				GCC_OPTIMIZATION_LEVEL = 0;
				GCC_PREPROCESSOR_DEFINITIONS = (
					"DEBUG=1",
					"$(inherited)",
				);
				GCC_WARN_64_TO_32_BIT_CONVERSION = YES;
				GCC_WARN_ABOUT_RETURN_TYPE = YES_ERROR;
				GCC_WARN_UNDECLARED_SELECTOR = YES;
				GCC_WARN_UNINITIALIZED_AUTOS = YES_AGGRESSIVE;
				GCC_WARN_UNUSED_FUNCTION = YES;
				GCC_WARN_UNUSED_VARIABLE = YES;
				LOCALIZATION_PREFERS_STRING_CATALOGS = YES;
				MACOSX_DEPLOYMENT_TARGET = 13.0;
				MTL_ENABLE_DEBUG_INFO = INCLUDE_SOURCE;
				MTL_FAST_MATH = YES;
				ONLY_ACTIVE_ARCH = YES;
				SDKROOT = macosx;
				SWIFT_ACTIVE_COMPILATION_CONDITIONS = "DEBUG $(inherited)";
				SWIFT_OPTIMIZATION_LEVEL = "-Onone";
			};
			name = Debug;
		};
		20C5F6AC2B767B31001F8E94 /* Release */ = {
			isa = XCBuildConfiguration;
			buildSettings = {
				ALWAYS_SEARCH_USER_PATHS = NO;
				ASSETCATALOG_COMPILER_GENERATE_SWIFT_ASSET_SYMBOL_EXTENSIONS = YES;
				CLANG_ANALYZER_NONNULL = YES;
				CLANG_ANALYZER_NUMBER_OBJECT_CONVERSION = YES_AGGRESSIVE;
				CLANG_CXX_LANGUAGE_STANDARD = "gnu++20";
				CLANG_ENABLE_MODULES = YES;
				CLANG_ENABLE_OBJC_ARC = YES;
				CLANG_ENABLE_OBJC_WEAK = YES;
				CLANG_WARN_BLOCK_CAPTURE_AUTORELEASING = YES;
				CLANG_WARN_BOOL_CONVERSION = YES;
				CLANG_WARN_COMMA = YES;
				CLANG_WARN_CONSTANT_CONVERSION = YES;
				CLANG_WARN_DEPRECATED_OBJC_IMPLEMENTATIONS = YES;
				CLANG_WARN_DIRECT_OBJC_ISA_USAGE = YES_ERROR;
				CLANG_WARN_DOCUMENTATION_COMMENTS = YES;
				CLANG_WARN_EMPTY_BODY = YES;
				CLANG_WARN_ENUM_CONVERSION = YES;
				CLANG_WARN_INFINITE_RECURSION = YES;
				CLANG_WARN_INT_CONVERSION = YES;
				CLANG_WARN_NON_LITERAL_NULL_CONVERSION = YES;
				CLANG_WARN_OBJC_IMPLICIT_RETAIN_SELF = YES;
				CLANG_WARN_OBJC_LITERAL_CONVERSION = YES;
				CLANG_WARN_OBJC_ROOT_CLASS = YES_ERROR;
				CLANG_WARN_QUOTED_INCLUDE_IN_FRAMEWORK_HEADER = YES;
				CLANG_WARN_RANGE_LOOP_ANALYSIS = YES;
				CLANG_WARN_STRICT_PROTOTYPES = YES;
				CLANG_WARN_SUSPICIOUS_MOVE = YES;
				CLANG_WARN_UNGUARDED_AVAILABILITY = YES_AGGRESSIVE;
				CLANG_WARN_UNREACHABLE_CODE = YES;
				CLANG_WARN__DUPLICATE_METHOD_MATCH = YES;
				COPY_PHASE_STRIP = NO;
				DEBUG_INFORMATION_FORMAT = "dwarf-with-dsym";
				ENABLE_NS_ASSERTIONS = NO;
				ENABLE_STRICT_OBJC_MSGSEND = YES;
				ENABLE_USER_SCRIPT_SANDBOXING = YES;
				GCC_C_LANGUAGE_STANDARD = gnu17;
				GCC_NO_COMMON_BLOCKS = YES;
				GCC_WARN_64_TO_32_BIT_CONVERSION = YES;
				GCC_WARN_ABOUT_RETURN_TYPE = YES_ERROR;
				GCC_WARN_UNDECLARED_SELECTOR = YES;
				GCC_WARN_UNINITIALIZED_AUTOS = YES_AGGRESSIVE;
				GCC_WARN_UNUSED_FUNCTION = YES;
				GCC_WARN_UNUSED_VARIABLE = YES;
				LOCALIZATION_PREFERS_STRING_CATALOGS = YES;
				MACOSX_DEPLOYMENT_TARGET = 13.0;
				MTL_ENABLE_DEBUG_INFO = NO;
				MTL_FAST_MATH = YES;
				SDKROOT = macosx;
				SWIFT_COMPILATION_MODE = wholemodule;
			};
			name = Release;
		};
		20C5F6AE2B767B31001F8E94 /* Debug */ = {
			isa = XCBuildConfiguration;
			buildSettings = {
				ASSETCATALOG_COMPILER_APPICON_NAME = AppIcon;
				ASSETCATALOG_COMPILER_GLOBAL_ACCENT_COLOR_NAME = AccentColor;
				CODE_SIGN_ENTITLEMENTS = EcoEnergy/EcoEnergy.entitlements;
				"CODE_SIGN_IDENTITY[sdk=macosx*]" = "Apple Development";
				CODE_SIGN_STYLE = Automatic;
				COMBINE_HIDPI_IMAGES = YES;
				CURRENT_PROJECT_VERSION = 1;
				DEVELOPMENT_ASSET_PATHS = "\"EcoEnergy/Preview Content\"";
				DEVELOPMENT_TEAM = 7P3G4Y9CSP;
				ENABLE_HARDENED_RUNTIME = YES;
				ENABLE_PREVIEWS = YES;
				EXCLUDED_ARCHS = "";
				GENERATE_INFOPLIST_FILE = YES;
				INFOPLIST_KEY_CFBundleDisplayName = EcoEnergy;
				INFOPLIST_KEY_LSApplicationCategoryType = "public.app-category.utilities";
				INFOPLIST_KEY_NSHumanReadableCopyright = "";
				LD_RUNPATH_SEARCH_PATHS = (
					"$(inherited)",
					"@executable_path/../Frameworks",
				);
				MARKETING_VERSION = 1.0;
				PRODUCT_BUNDLE_IDENTIFIER = MarceloDeAraujo.EcoEnergy;
				PRODUCT_NAME = "$(TARGET_NAME)";
				SWIFT_EMIT_LOC_STRINGS = YES;
				SWIFT_VERSION = 5.0;
			};
			name = Debug;
		};
		20C5F6AF2B767B31001F8E94 /* Release */ = {
			isa = XCBuildConfiguration;
			buildSettings = {
				ASSETCATALOG_COMPILER_APPICON_NAME = AppIcon;
				ASSETCATALOG_COMPILER_GLOBAL_ACCENT_COLOR_NAME = AccentColor;
				CODE_SIGN_ENTITLEMENTS = EcoEnergy/EcoEnergy.entitlements;
				"CODE_SIGN_IDENTITY[sdk=macosx*]" = "Apple Development";
				CODE_SIGN_STYLE = Automatic;
				COMBINE_HIDPI_IMAGES = YES;
				CURRENT_PROJECT_VERSION = 1;
				DEVELOPMENT_ASSET_PATHS = "\"EcoEnergy/Preview Content\"";
				DEVELOPMENT_TEAM = 7P3G4Y9CSP;
				ENABLE_HARDENED_RUNTIME = YES;
				ENABLE_PREVIEWS = YES;
				EXCLUDED_ARCHS = "";
				"EXCLUDED_ARCHS[sdk=macosx*]" = x86_64;
				GENERATE_INFOPLIST_FILE = YES;
				INFOPLIST_KEY_CFBundleDisplayName = EcoEnergy;
				INFOPLIST_KEY_LSApplicationCategoryType = "public.app-category.utilities";
				INFOPLIST_KEY_NSHumanReadableCopyright = "";
				LD_RUNPATH_SEARCH_PATHS = (
					"$(inherited)",
					"@executable_path/../Frameworks",
				);
				MARKETING_VERSION = 1.0;
				PRODUCT_BUNDLE_IDENTIFIER = MarceloDeAraujo.EcoEnergy;
				PRODUCT_NAME = "$(TARGET_NAME)";
				SWIFT_EMIT_LOC_STRINGS = YES;
				SWIFT_VERSION = 5.0;
			};
			name = Release;
		};
/* End XCBuildConfiguration section */

/* Begin XCConfigurationList section */
		20C5F6992B767B2D001F8E94 /* Build configuration list for PBXProject "EcoEnergy" */ = {
			isa = XCConfigurationList;
			buildConfigurations = (
				20C5F6AB2B767B31001F8E94 /* Debug */,
				20C5F6AC2B767B31001F8E94 /* Release */,
			);
			defaultConfigurationIsVisible = 0;
			defaultConfigurationName = Release;
		};
		20C5F6AD2B767B31001F8E94 /* Build configuration list for PBXNativeTarget "EcoEnergy" */ = {
			isa = XCConfigurationList;
			buildConfigurations = (
				20C5F6AE2B767B31001F8E94 /* Debug */,
				20C5F6AF2B767B31001F8E94 /* Release */,
			);
			defaultConfigurationIsVisible = 0;
			defaultConfigurationName = Release;
		};
/* End XCConfigurationList section */
	};
	rootObject = 20C5F6962B767B2D001F8E94 /* Project object */;
}
